// !$*UTF8*$!
{
	archiveVersion = 1;
	classes = {
	};
	objectVersion = 50;
	objects = {

/* Begin PBXBuildFile section */
		B5C2D82426615A2300200C9A /* Tests_iOS.swift in Sources */ = {isa = PBXBuildFile; fileRef = B5C2D82326615A2300200C9A /* Tests_iOS.swift */; };
		B5C2D82F26615A2300200C9A /* Tests_macOS.swift in Sources */ = {isa = PBXBuildFile; fileRef = B5C2D82E26615A2300200C9A /* Tests_macOS.swift */; };
		B5C2D83126615A2300200C9A /* swifftui_firebase_chatApp.swift in Sources */ = {isa = PBXBuildFile; fileRef = B5C2D80826615A2000200C9A /* swifftui_firebase_chatApp.swift */; };
		B5C2D83226615A2300200C9A /* swifftui_firebase_chatApp.swift in Sources */ = {isa = PBXBuildFile; fileRef = B5C2D80826615A2000200C9A /* swifftui_firebase_chatApp.swift */; };
		B5C2D83326615A2300200C9A /* ContentView.swift in Sources */ = {isa = PBXBuildFile; fileRef = B5C2D80926615A2000200C9A /* ContentView.swift */; };
		B5C2D83426615A2300200C9A /* ContentView.swift in Sources */ = {isa = PBXBuildFile; fileRef = B5C2D80926615A2000200C9A /* ContentView.swift */; };
		B5C2D83526615A2300200C9A /* Assets.xcassets in Resources */ = {isa = PBXBuildFile; fileRef = B5C2D80A26615A2300200C9A /* Assets.xcassets */; };
		B5C2D83626615A2300200C9A /* Assets.xcassets in Resources */ = {isa = PBXBuildFile; fileRef = B5C2D80A26615A2300200C9A /* Assets.xcassets */; };
/* End PBXBuildFile section */

/* Begin PBXContainerItemProxy section */
		B5C2D82026615A2300200C9A /* PBXContainerItemProxy */ = {
			isa = PBXContainerItemProxy;
			containerPortal = B5C2D80326615A2000200C9A /* Project object */;
			proxyType = 1;
			remoteGlobalIDString = B5C2D80E26615A2300200C9A;
			remoteInfo = "swifftui-firebase-chat (iOS)";
		};
		B5C2D82B26615A2300200C9A /* PBXContainerItemProxy */ = {
			isa = PBXContainerItemProxy;
			containerPortal = B5C2D80326615A2000200C9A /* Project object */;
			proxyType = 1;
			remoteGlobalIDString = B5C2D81626615A2300200C9A;
			remoteInfo = "swifftui-firebase-chat (macOS)";
		};
/* End PBXContainerItemProxy section */

/* Begin PBXFileReference section */
		B5C2D80826615A2000200C9A /* swifftui_firebase_chatApp.swift */ = {isa = PBXFileReference; lastKnownFileType = sourcecode.swift; path = swifftui_firebase_chatApp.swift; sourceTree = "<group>"; };
		B5C2D80926615A2000200C9A /* ContentView.swift */ = {isa = PBXFileReference; lastKnownFileType = sourcecode.swift; path = ContentView.swift; sourceTree = "<group>"; };
		B5C2D80A26615A2300200C9A /* Assets.xcassets */ = {isa = PBXFileReference; lastKnownFileType = folder.assetcatalog; path = Assets.xcassets; sourceTree = "<group>"; };
		B5C2D80F26615A2300200C9A /* swifftui-firebase-chat.app */ = {isa = PBXFileReference; explicitFileType = wrapper.application; includeInIndex = 0; path = "swifftui-firebase-chat.app"; sourceTree = BUILT_PRODUCTS_DIR; };
		B5C2D81226615A2300200C9A /* Info.plist */ = {isa = PBXFileReference; lastKnownFileType = text.plist.xml; path = Info.plist; sourceTree = "<group>"; };
		B5C2D81726615A2300200C9A /* swifftui-firebase-chat.app */ = {isa = PBXFileReference; explicitFileType = wrapper.application; includeInIndex = 0; path = "swifftui-firebase-chat.app"; sourceTree = BUILT_PRODUCTS_DIR; };
		B5C2D81926615A2300200C9A /* Info.plist */ = {isa = PBXFileReference; lastKnownFileType = text.plist.xml; path = Info.plist; sourceTree = "<group>"; };
		B5C2D81A26615A2300200C9A /* macOS.entitlements */ = {isa = PBXFileReference; lastKnownFileType = text.plist.entitlements; path = macOS.entitlements; sourceTree = "<group>"; };
		B5C2D81F26615A2300200C9A /* Tests iOS.xctest */ = {isa = PBXFileReference; explicitFileType = wrapper.cfbundle; includeInIndex = 0; path = "Tests iOS.xctest"; sourceTree = BUILT_PRODUCTS_DIR; };
		B5C2D82326615A2300200C9A /* Tests_iOS.swift */ = {isa = PBXFileReference; lastKnownFileType = sourcecode.swift; path = Tests_iOS.swift; sourceTree = "<group>"; };
		B5C2D82526615A2300200C9A /* Info.plist */ = {isa = PBXFileReference; lastKnownFileType = text.plist.xml; path = Info.plist; sourceTree = "<group>"; };
		B5C2D82A26615A2300200C9A /* Tests macOS.xctest */ = {isa = PBXFileReference; explicitFileType = wrapper.cfbundle; includeInIndex = 0; path = "Tests macOS.xctest"; sourceTree = BUILT_PRODUCTS_DIR; };
		B5C2D82E26615A2300200C9A /* Tests_macOS.swift */ = {isa = PBXFileReference; lastKnownFileType = sourcecode.swift; path = Tests_macOS.swift; sourceTree = "<group>"; };
		B5C2D83026615A2300200C9A /* Info.plist */ = {isa = PBXFileReference; lastKnownFileType = text.plist.xml; path = Info.plist; sourceTree = "<group>"; };
/* End PBXFileReference section */

/* Begin PBXFrameworksBuildPhase section */
		B5C2D80C26615A2300200C9A /* Frameworks */ = {
			isa = PBXFrameworksBuildPhase;
			buildActionMask = 2147483647;
			files = (
			);
			runOnlyForDeploymentPostprocessing = 0;
		};
		B5C2D81426615A2300200C9A /* Frameworks */ = {
			isa = PBXFrameworksBuildPhase;
			buildActionMask = 2147483647;
			files = (
			);
			runOnlyForDeploymentPostprocessing = 0;
		};
		B5C2D81C26615A2300200C9A /* Frameworks */ = {
			isa = PBXFrameworksBuildPhase;
			buildActionMask = 2147483647;
			files = (
			);
			runOnlyForDeploymentPostprocessing = 0;
		};
		B5C2D82726615A2300200C9A /* Frameworks */ = {
			isa = PBXFrameworksBuildPhase;
			buildActionMask = 2147483647;
			files = (
			);
			runOnlyForDeploymentPostprocessing = 0;
		};
/* End PBXFrameworksBuildPhase section */

/* Begin PBXGroup section */
		B5C2D80226615A2000200C9A = {
			isa = PBXGroup;
			children = (
				B5C2D80726615A2000200C9A /* Shared */,
				B5C2D81126615A2300200C9A /* iOS */,
				B5C2D81826615A2300200C9A /* macOS */,
				B5C2D82226615A2300200C9A /* Tests iOS */,
				B5C2D82D26615A2300200C9A /* Tests macOS */,
				B5C2D81026615A2300200C9A /* Products */,
			);
			sourceTree = "<group>";
		};
		B5C2D80726615A2000200C9A /* Shared */ = {
			isa = PBXGroup;
			children = (
				B5C2D80826615A2000200C9A /* swifftui_firebase_chatApp.swift */,
				B5C2D80926615A2000200C9A /* ContentView.swift */,
				B5C2D80A26615A2300200C9A /* Assets.xcassets */,
			);
			path = Shared;
			sourceTree = "<group>";
		};
		B5C2D81026615A2300200C9A /* Products */ = {
			isa = PBXGroup;
			children = (
				B5C2D80F26615A2300200C9A /* swifftui-firebase-chat.app */,
				B5C2D81726615A2300200C9A /* swifftui-firebase-chat.app */,
				B5C2D81F26615A2300200C9A /* Tests iOS.xctest */,
				B5C2D82A26615A2300200C9A /* Tests macOS.xctest */,
			);
			name = Products;
			sourceTree = "<group>";
		};
		B5C2D81126615A2300200C9A /* iOS */ = {
			isa = PBXGroup;
			children = (
				B5C2D81226615A2300200C9A /* Info.plist */,
			);
			path = iOS;
			sourceTree = "<group>";
		};
		B5C2D81826615A2300200C9A /* macOS */ = {
			isa = PBXGroup;
			children = (
				B5C2D81926615A2300200C9A /* Info.plist */,
				B5C2D81A26615A2300200C9A /* macOS.entitlements */,
			);
			path = macOS;
			sourceTree = "<group>";
		};
		B5C2D82226615A2300200C9A /* Tests iOS */ = {
			isa = PBXGroup;
			children = (
				B5C2D82326615A2300200C9A /* Tests_iOS.swift */,
				B5C2D82526615A2300200C9A /* Info.plist */,
			);
			path = "Tests iOS";
			sourceTree = "<group>";
		};
		B5C2D82D26615A2300200C9A /* Tests macOS */ = {
			isa = PBXGroup;
			children = (
				B5C2D82E26615A2300200C9A /* Tests_macOS.swift */,
				B5C2D83026615A2300200C9A /* Info.plist */,
			);
			path = "Tests macOS";
			sourceTree = "<group>";
		};
/* End PBXGroup section */

/* Begin PBXNativeTarget section */
		B5C2D80E26615A2300200C9A /* swifftui-firebase-chat (iOS) */ = {
			isa = PBXNativeTarget;
			buildConfigurationList = B5C2D83926615A2300200C9A /* Build configuration list for PBXNativeTarget "swifftui-firebase-chat (iOS)" */;
			buildPhases = (
				B5C2D80B26615A2300200C9A /* Sources */,
				B5C2D80C26615A2300200C9A /* Frameworks */,
				B5C2D80D26615A2300200C9A /* Resources */,
			);
			buildRules = (
			);
			dependencies = (
			);
			name = "swifftui-firebase-chat (iOS)";
			productName = "swifftui-firebase-chat (iOS)";
			productReference = B5C2D80F26615A2300200C9A /* swifftui-firebase-chat.app */;
			productType = "com.apple.product-type.application";
		};
		B5C2D81626615A2300200C9A /* swifftui-firebase-chat (macOS) */ = {
			isa = PBXNativeTarget;
			buildConfigurationList = B5C2D83C26615A2300200C9A /* Build configuration list for PBXNativeTarget "swifftui-firebase-chat (macOS)" */;
			buildPhases = (
				B5C2D81326615A2300200C9A /* Sources */,
				B5C2D81426615A2300200C9A /* Frameworks */,
				B5C2D81526615A2300200C9A /* Resources */,
			);
			buildRules = (
			);
			dependencies = (
			);
			name = "swifftui-firebase-chat (macOS)";
			productName = "swifftui-firebase-chat (macOS)";
			productReference = B5C2D81726615A2300200C9A /* swifftui-firebase-chat.app */;
			productType = "com.apple.product-type.application";
		};
		B5C2D81E26615A2300200C9A /* Tests iOS */ = {
			isa = PBXNativeTarget;
			buildConfigurationList = B5C2D83F26615A2300200C9A /* Build configuration list for PBXNativeTarget "Tests iOS" */;
			buildPhases = (
				B5C2D81B26615A2300200C9A /* Sources */,
				B5C2D81C26615A2300200C9A /* Frameworks */,
				B5C2D81D26615A2300200C9A /* Resources */,
			);
			buildRules = (
			);
			dependencies = (
				B5C2D82126615A2300200C9A /* PBXTargetDependency */,
			);
			name = "Tests iOS";
			productName = "Tests iOS";
			productReference = B5C2D81F26615A2300200C9A /* Tests iOS.xctest */;
			productType = "com.apple.product-type.bundle.ui-testing";
		};
		B5C2D82926615A2300200C9A /* Tests macOS */ = {
			isa = PBXNativeTarget;
			buildConfigurationList = B5C2D84226615A2300200C9A /* Build configuration list for PBXNativeTarget "Tests macOS" */;
			buildPhases = (
				B5C2D82626615A2300200C9A /* Sources */,
				B5C2D82726615A2300200C9A /* Frameworks */,
				B5C2D82826615A2300200C9A /* Resources */,
			);
			buildRules = (
			);
			dependencies = (
				B5C2D82C26615A2300200C9A /* PBXTargetDependency */,
			);
			name = "Tests macOS";
			productName = "Tests macOS";
			productReference = B5C2D82A26615A2300200C9A /* Tests macOS.xctest */;
			productType = "com.apple.product-type.bundle.ui-testing";
		};
/* End PBXNativeTarget section */

/* Begin PBXProject section */
		B5C2D80326615A2000200C9A /* Project object */ = {
			isa = PBXProject;
			attributes = {
				LastSwiftUpdateCheck = 1250;
				LastUpgradeCheck = 1250;
				TargetAttributes = {
					B5C2D80E26615A2300200C9A = {
						CreatedOnToolsVersion = 12.5;
					};
					B5C2D81626615A2300200C9A = {
						CreatedOnToolsVersion = 12.5;
					};
					B5C2D81E26615A2300200C9A = {
						CreatedOnToolsVersion = 12.5;
						TestTargetID = B5C2D80E26615A2300200C9A;
					};
					B5C2D82926615A2300200C9A = {
						CreatedOnToolsVersion = 12.5;
						TestTargetID = B5C2D81626615A2300200C9A;
					};
				};
			};
			buildConfigurationList = B5C2D80626615A2000200C9A /* Build configuration list for PBXProject "swifftui-firebase-chat" */;
			compatibilityVersion = "Xcode 9.3";
			developmentRegion = en;
			hasScannedForEncodings = 0;
			knownRegions = (
				en,
				Base,
			);
			mainGroup = B5C2D80226615A2000200C9A;
			productRefGroup = B5C2D81026615A2300200C9A /* Products */;
			projectDirPath = "";
			projectRoot = "";
			targets = (
				B5C2D80E26615A2300200C9A /* swifftui-firebase-chat (iOS) */,
				B5C2D81626615A2300200C9A /* swifftui-firebase-chat (macOS) */,
				B5C2D81E26615A2300200C9A /* Tests iOS */,
				B5C2D82926615A2300200C9A /* Tests macOS */,
			);
		};
/* End PBXProject section */

/* Begin PBXResourcesBuildPhase section */
		B5C2D80D26615A2300200C9A /* Resources */ = {
			isa = PBXResourcesBuildPhase;
			buildActionMask = 2147483647;
			files = (
				B5C2D83526615A2300200C9A /* Assets.xcassets in Resources */,
			);
			runOnlyForDeploymentPostprocessing = 0;
		};
		B5C2D81526615A2300200C9A /* Resources */ = {
			isa = PBXResourcesBuildPhase;
			buildActionMask = 2147483647;
			files = (
				B5C2D83626615A2300200C9A /* Assets.xcassets in Resources */,
			);
			runOnlyForDeploymentPostprocessing = 0;
		};
		B5C2D81D26615A2300200C9A /* Resources */ = {
			isa = PBXResourcesBuildPhase;
			buildActionMask = 2147483647;
			files = (
			);
			runOnlyForDeploymentPostprocessing = 0;
		};
		B5C2D82826615A2300200C9A /* Resources */ = {
			isa = PBXResourcesBuildPhase;
			buildActionMask = 2147483647;
			files = (
			);
			runOnlyForDeploymentPostprocessing = 0;
		};
/* End PBXResourcesBuildPhase section */

/* Begin PBXSourcesBuildPhase section */
		B5C2D80B26615A2300200C9A /* Sources */ = {
			isa = PBXSourcesBuildPhase;
			buildActionMask = 2147483647;
			files = (
				B5C2D83326615A2300200C9A /* ContentView.swift in Sources */,
				B5C2D83126615A2300200C9A /* swifftui_firebase_chatApp.swift in Sources */,
			);
			runOnlyForDeploymentPostprocessing = 0;
		};
		B5C2D81326615A2300200C9A /* Sources */ = {
			isa = PBXSourcesBuildPhase;
			buildActionMask = 2147483647;
			files = (
				B5C2D83426615A2300200C9A /* ContentView.swift in Sources */,
				B5C2D83226615A2300200C9A /* swifftui_firebase_chatApp.swift in Sources */,
			);
			runOnlyForDeploymentPostprocessing = 0;
		};
		B5C2D81B26615A2300200C9A /* Sources */ = {
			isa = PBXSourcesBuildPhase;
			buildActionMask = 2147483647;
			files = (
				B5C2D82426615A2300200C9A /* Tests_iOS.swift in Sources */,
			);
			runOnlyForDeploymentPostprocessing = 0;
		};
		B5C2D82626615A2300200C9A /* Sources */ = {
			isa = PBXSourcesBuildPhase;
			buildActionMask = 2147483647;
			files = (
				B5C2D82F26615A2300200C9A /* Tests_macOS.swift in Sources */,
			);
			runOnlyForDeploymentPostprocessing = 0;
		};
/* End PBXSourcesBuildPhase section */

/* Begin PBXTargetDependency section */
		B5C2D82126615A2300200C9A /* PBXTargetDependency */ = {
			isa = PBXTargetDependency;
			target = B5C2D80E26615A2300200C9A /* swifftui-firebase-chat (iOS) */;
			targetProxy = B5C2D82026615A2300200C9A /* PBXContainerItemProxy */;
		};
		B5C2D82C26615A2300200C9A /* PBXTargetDependency */ = {
			isa = PBXTargetDependency;
			target = B5C2D81626615A2300200C9A /* swifftui-firebase-chat (macOS) */;
			targetProxy = B5C2D82B26615A2300200C9A /* PBXContainerItemProxy */;
		};
/* End PBXTargetDependency section */

/* Begin XCBuildConfiguration section */
		B5C2D83726615A2300200C9A /* Debug */ = {
			isa = XCBuildConfiguration;
			buildSettings = {
				ALWAYS_SEARCH_USER_PATHS = NO;
				CLANG_ANALYZER_NONNULL = YES;
				CLANG_ANALYZER_NUMBER_OBJECT_CONVERSION = YES_AGGRESSIVE;
				CLANG_CXX_LANGUAGE_STANDARD = "gnu++14";
				CLANG_CXX_LIBRARY = "libc++";
				CLANG_ENABLE_MODULES = YES;
				CLANG_ENABLE_OBJC_ARC = YES;
				CLANG_ENABLE_OBJC_WEAK = YES;
				CLANG_WARN_BLOCK_CAPTURE_AUTORELEASING = YES;
				CLANG_WARN_BOOL_CONVERSION = YES;
				CLANG_WARN_COMMA = YES;
				CLANG_WARN_CONSTANT_CONVERSION = YES;
				CLANG_WARN_DEPRECATED_OBJC_IMPLEMENTATIONS = YES;
				CLANG_WARN_DIRECT_OBJC_ISA_USAGE = YES_ERROR;
				CLANG_WARN_DOCUMENTATION_COMMENTS = YES;
				CLANG_WARN_EMPTY_BODY = YES;
				CLANG_WARN_ENUM_CONVERSION = YES;
				CLANG_WARN_INFINITE_RECURSION = YES;
				CLANG_WARN_INT_CONVERSION = YES;
				CLANG_WARN_NON_LITERAL_NULL_CONVERSION = YES;
				CLANG_WARN_OBJC_IMPLICIT_RETAIN_SELF = YES;
				CLANG_WARN_OBJC_LITERAL_CONVERSION = YES;
				CLANG_WARN_OBJC_ROOT_CLASS = YES_ERROR;
				CLANG_WARN_QUOTED_INCLUDE_IN_FRAMEWORK_HEADER = YES;
				CLANG_WARN_RANGE_LOOP_ANALYSIS = YES;
				CLANG_WARN_STRICT_PROTOTYPES = YES;
				CLANG_WARN_SUSPICIOUS_MOVE = YES;
				CLANG_WARN_UNGUARDED_AVAILABILITY = YES_AGGRESSIVE;
				CLANG_WARN_UNREACHABLE_CODE = YES;
				CLANG_WARN__DUPLICATE_METHOD_MATCH = YES;
				COPY_PHASE_STRIP = NO;
				DEBUG_INFORMATION_FORMAT = dwarf;
				ENABLE_STRICT_OBJC_MSGSEND = YES;
				ENABLE_TESTABILITY = YES;
				GCC_C_LANGUAGE_STANDARD = gnu11;
				GCC_DYNAMIC_NO_PIC = NO;
				GCC_NO_COMMON_BLOCKS = YES;
				GCC_OPTIMIZATION_LEVEL = 0;
				GCC_PREPROCESSOR_DEFINITIONS = (
					"DEBUG=1",
					"$(inherited)",
				);
				GCC_WARN_64_TO_32_BIT_CONVERSION = YES;
				GCC_WARN_ABOUT_RETURN_TYPE = YES_ERROR;
				GCC_WARN_UNDECLARED_SELECTOR = YES;
				GCC_WARN_UNINITIALIZED_AUTOS = YES_AGGRESSIVE;
				GCC_WARN_UNUSED_FUNCTION = YES;
				GCC_WARN_UNUSED_VARIABLE = YES;
				MTL_ENABLE_DEBUG_INFO = INCLUDE_SOURCE;
				MTL_FAST_MATH = YES;
				ONLY_ACTIVE_ARCH = YES;
				SWIFT_ACTIVE_COMPILATION_CONDITIONS = DEBUG;
				SWIFT_OPTIMIZATION_LEVEL = "-Onone";
			};
			name = Debug;
		};
		B5C2D83826615A2300200C9A /* Release */ = {
			isa = XCBuildConfiguration;
			buildSettings = {
				ALWAYS_SEARCH_USER_PATHS = NO;
				CLANG_ANALYZER_NONNULL = YES;
				CLANG_ANALYZER_NUMBER_OBJECT_CONVERSION = YES_AGGRESSIVE;
				CLANG_CXX_LANGUAGE_STANDARD = "gnu++14";
				CLANG_CXX_LIBRARY = "libc++";
				CLANG_ENABLE_MODULES = YES;
				CLANG_ENABLE_OBJC_ARC = YES;
				CLANG_ENABLE_OBJC_WEAK = YES;
				CLANG_WARN_BLOCK_CAPTURE_AUTORELEASING = YES;
				CLANG_WARN_BOOL_CONVERSION = YES;
				CLANG_WARN_COMMA = YES;
				CLANG_WARN_CONSTANT_CONVERSION = YES;
				CLANG_WARN_DEPRECATED_OBJC_IMPLEMENTATIONS = YES;
				CLANG_WARN_DIRECT_OBJC_ISA_USAGE = YES_ERROR;
				CLANG_WARN_DOCUMENTATION_COMMENTS = YES;
				CLANG_WARN_EMPTY_BODY = YES;
				CLANG_WARN_ENUM_CONVERSION = YES;
				CLANG_WARN_INFINITE_RECURSION = YES;
				CLANG_WARN_INT_CONVERSION = YES;
				CLANG_WARN_NON_LITERAL_NULL_CONVERSION = YES;
				CLANG_WARN_OBJC_IMPLICIT_RETAIN_SELF = YES;
				CLANG_WARN_OBJC_LITERAL_CONVERSION = YES;
				CLANG_WARN_OBJC_ROOT_CLASS = YES_ERROR;
				CLANG_WARN_QUOTED_INCLUDE_IN_FRAMEWORK_HEADER = YES;
				CLANG_WARN_RANGE_LOOP_ANALYSIS = YES;
				CLANG_WARN_STRICT_PROTOTYPES = YES;
				CLANG_WARN_SUSPICIOUS_MOVE = YES;
				CLANG_WARN_UNGUARDED_AVAILABILITY = YES_AGGRESSIVE;
				CLANG_WARN_UNREACHABLE_CODE = YES;
				CLANG_WARN__DUPLICATE_METHOD_MATCH = YES;
				COPY_PHASE_STRIP = NO;
				DEBUG_INFORMATION_FORMAT = "dwarf-with-dsym";
				ENABLE_NS_ASSERTIONS = NO;
				ENABLE_STRICT_OBJC_MSGSEND = YES;
				GCC_C_LANGUAGE_STANDARD = gnu11;
				GCC_NO_COMMON_BLOCKS = YES;
				GCC_WARN_64_TO_32_BIT_CONVERSION = YES;
				GCC_WARN_ABOUT_RETURN_TYPE = YES_ERROR;
				GCC_WARN_UNDECLARED_SELECTOR = YES;
				GCC_WARN_UNINITIALIZED_AUTOS = YES_AGGRESSIVE;
				GCC_WARN_UNUSED_FUNCTION = YES;
				GCC_WARN_UNUSED_VARIABLE = YES;
				MTL_ENABLE_DEBUG_INFO = NO;
				MTL_FAST_MATH = YES;
				SWIFT_COMPILATION_MODE = wholemodule;
				SWIFT_OPTIMIZATION_LEVEL = "-O";
			};
			name = Release;
		};
		B5C2D83A26615A2300200C9A /* Debug */ = {
			isa = XCBuildConfiguration;
			buildSettings = {
				ASSETCATALOG_COMPILER_APPICON_NAME = AppIcon;
				ASSETCATALOG_COMPILER_GLOBAL_ACCENT_COLOR_NAME = AccentColor;
				CODE_SIGN_STYLE = Automatic;
				ENABLE_PREVIEWS = YES;
				INFOPLIST_FILE = iOS/Info.plist;
				IPHONEOS_DEPLOYMENT_TARGET = 14.0;
				LD_RUNPATH_SEARCH_PATHS = (
					"$(inherited)",
					"@executable_path/Frameworks",
				);
				PRODUCT_BUNDLE_IDENTIFIER = "AbdullahRidwan.swifftui-firebase-chat";
				PRODUCT_NAME = "swifftui-firebase-chat";
				SDKROOT = iphoneos;
				SWIFT_VERSION = 5.0;
				TARGETED_DEVICE_FAMILY = "1,2";
			};
			name = Debug;
		};
		B5C2D83B26615A2300200C9A /* Release */ = {
			isa = XCBuildConfiguration;
			buildSettings = {
				ASSETCATALOG_COMPILER_APPICON_NAME = AppIcon;
				ASSETCATALOG_COMPILER_GLOBAL_ACCENT_COLOR_NAME = AccentColor;
				CODE_SIGN_STYLE = Automatic;
				ENABLE_PREVIEWS = YES;
				INFOPLIST_FILE = iOS/Info.plist;
				IPHONEOS_DEPLOYMENT_TARGET = 14.0;
				LD_RUNPATH_SEARCH_PATHS = (
					"$(inherited)",
					"@executable_path/Frameworks",
				);
				PRODUCT_BUNDLE_IDENTIFIER = "AbdullahRidwan.swifftui-firebase-chat";
				PRODUCT_NAME = "swifftui-firebase-chat";
				SDKROOT = iphoneos;
				SWIFT_VERSION = 5.0;
				TARGETED_DEVICE_FAMILY = "1,2";
				VALIDATE_PRODUCT = YES;
			};
			name = Release;
		};
		B5C2D83D26615A2300200C9A /* Debug */ = {
			isa = XCBuildConfiguration;
			buildSettings = {
				ASSETCATALOG_COMPILER_APPICON_NAME = AppIcon;
				ASSETCATALOG_COMPILER_GLOBAL_ACCENT_COLOR_NAME = AccentColor;
				CODE_SIGN_ENTITLEMENTS = macOS/macOS.entitlements;
				CODE_SIGN_STYLE = Automatic;
				COMBINE_HIDPI_IMAGES = YES;
				ENABLE_PREVIEWS = YES;
				INFOPLIST_FILE = macOS/Info.plist;
				LD_RUNPATH_SEARCH_PATHS = (
					"$(inherited)",
					"@executable_path/../Frameworks",
				);
				MACOSX_DEPLOYMENT_TARGET = 11.0;
				PRODUCT_BUNDLE_IDENTIFIER = "AbdullahRidwan.swifftui-firebase-chat";
				PRODUCT_NAME = "swifftui-firebase-chat";
				SDKROOT = macosx;
				SWIFT_VERSION = 5.0;
			};
			name = Debug;
		};
		B5C2D83E26615A2300200C9A /* Release */ = {
			isa = XCBuildConfiguration;
			buildSettings = {
				ASSETCATALOG_COMPILER_APPICON_NAME = AppIcon;
				ASSETCATALOG_COMPILER_GLOBAL_ACCENT_COLOR_NAME = AccentColor;
				CODE_SIGN_ENTITLEMENTS = macOS/macOS.entitlements;
				CODE_SIGN_STYLE = Automatic;
				COMBINE_HIDPI_IMAGES = YES;
				ENABLE_PREVIEWS = YES;
				INFOPLIST_FILE = macOS/Info.plist;
				LD_RUNPATH_SEARCH_PATHS = (
					"$(inherited)",
					"@executable_path/../Frameworks",
				);
				MACOSX_DEPLOYMENT_TARGET = 11.0;
				PRODUCT_BUNDLE_IDENTIFIER = "AbdullahRidwan.swifftui-firebase-chat";
				PRODUCT_NAME = "swifftui-firebase-chat";
				SDKROOT = macosx;
				SWIFT_VERSION = 5.0;
			};
			name = Release;
		};
		B5C2D84026615A2300200C9A /* Debug */ = {
			isa = XCBuildConfiguration;
			buildSettings = {
				ALWAYS_EMBED_SWIFT_STANDARD_LIBRARIES = YES;
				CODE_SIGN_STYLE = Automatic;
				INFOPLIST_FILE = "Tests iOS/Info.plist";
				IPHONEOS_DEPLOYMENT_TARGET = 14.5;
				LD_RUNPATH_SEARCH_PATHS = (
					"$(inherited)",
					"@executable_path/Frameworks",
					"@loader_path/Frameworks",
				);
				PRODUCT_BUNDLE_IDENTIFIER = "AbdullahRidwan.Tests-iOS";
				PRODUCT_NAME = "$(TARGET_NAME)";
				SDKROOT = iphoneos;
				SWIFT_VERSION = 5.0;
				TARGETED_DEVICE_FAMILY = "1,2";
				TEST_TARGET_NAME = "swifftui-firebase-chat (iOS)";
			};
			name = Debug;
		};
		B5C2D84126615A2300200C9A /* Release */ = {
			isa = XCBuildConfiguration;
			buildSettings = {
				ALWAYS_EMBED_SWIFT_STANDARD_LIBRARIES = YES;
				CODE_SIGN_STYLE = Automatic;
				INFOPLIST_FILE = "Tests iOS/Info.plist";
				IPHONEOS_DEPLOYMENT_TARGET = 14.5;
				LD_RUNPATH_SEARCH_PATHS = (
					"$(inherited)",
					"@executable_path/Frameworks",
					"@loader_path/Frameworks",
				);
				PRODUCT_BUNDLE_IDENTIFIER = "AbdullahRidwan.Tests-iOS";
				PRODUCT_NAME = "$(TARGET_NAME)";
				SDKROOT = iphoneos;
				SWIFT_VERSION = 5.0;
				TARGETED_DEVICE_FAMILY = "1,2";
				TEST_TARGET_NAME = "swifftui-firebase-chat (iOS)";
				VALIDATE_PRODUCT = YES;
			};
			name = Release;
		};
		B5C2D84326615A2300200C9A /* Debug */ = {
			isa = XCBuildConfiguration;
			buildSettings = {
				ALWAYS_EMBED_SWIFT_STANDARD_LIBRARIES = YES;
				CODE_SIGN_STYLE = Automatic;
				COMBINE_HIDPI_IMAGES = YES;
				INFOPLIST_FILE = "Tests macOS/Info.plist";
				LD_RUNPATH_SEARCH_PATHS = (
					"$(inherited)",
					"@executable_path/../Frameworks",
					"@loader_path/../Frameworks",
				);
				MACOSX_DEPLOYMENT_TARGET = 11.3;
				PRODUCT_BUNDLE_IDENTIFIER = "AbdullahRidwan.Tests-macOS";
				PRODUCT_NAME = "$(TARGET_NAME)";
				SDKROOT = macosx;
				SWIFT_VERSION = 5.0;
				TEST_TARGET_NAME = "swifftui-firebase-chat (macOS)";
			};
			name = Debug;
		};
		B5C2D84426615A2300200C9A /* Release */ = {
			isa = XCBuildConfiguration;
			buildSettings = {
				ALWAYS_EMBED_SWIFT_STANDARD_LIBRARIES = YES;
				CODE_SIGN_STYLE = Automatic;
				COMBINE_HIDPI_IMAGES = YES;
				INFOPLIST_FILE = "Tests macOS/Info.plist";
				LD_RUNPATH_SEARCH_PATHS = (
					"$(inherited)",
					"@executable_path/../Frameworks",
					"@loader_path/../Frameworks",
				);
				MACOSX_DEPLOYMENT_TARGET = 11.3;
				PRODUCT_BUNDLE_IDENTIFIER = "AbdullahRidwan.Tests-macOS";
				PRODUCT_NAME = "$(TARGET_NAME)";
				SDKROOT = macosx;
				SWIFT_VERSION = 5.0;
				TEST_TARGET_NAME = "swifftui-firebase-chat (macOS)";
			};
			name = Release;
		};
/* End XCBuildConfiguration section */

/* Begin XCConfigurationList section */
		B5C2D80626615A2000200C9A /* Build configuration list for PBXProject "swifftui-firebase-chat" */ = {
			isa = XCConfigurationList;
			buildConfigurations = (
				B5C2D83726615A2300200C9A /* Debug */,
				B5C2D83826615A2300200C9A /* Release */,
			);
			defaultConfigurationIsVisible = 0;
			defaultConfigurationName = Release;
		};
		B5C2D83926615A2300200C9A /* Build configuration list for PBXNativeTarget "swifftui-firebase-chat (iOS)" */ = {
			isa = XCConfigurationList;
			buildConfigurations = (
				B5C2D83A26615A2300200C9A /* Debug */,
				B5C2D83B26615A2300200C9A /* Release */,
			);
			defaultConfigurationIsVisible = 0;
			defaultConfigurationName = Release;
		};
		B5C2D83C26615A2300200C9A /* Build configuration list for PBXNativeTarget "swifftui-firebase-chat (macOS)" */ = {
			isa = XCConfigurationList;
			buildConfigurations = (
				B5C2D83D26615A2300200C9A /* Debug */,
				B5C2D83E26615A2300200C9A /* Release */,
			);
			defaultConfigurationIsVisible = 0;
			defaultConfigurationName = Release;
		};
		B5C2D83F26615A2300200C9A /* Build configuration list for PBXNativeTarget "Tests iOS" */ = {
			isa = XCConfigurationList;
			buildConfigurations = (
				B5C2D84026615A2300200C9A /* Debug */,
				B5C2D84126615A2300200C9A /* Release */,
			);
			defaultConfigurationIsVisible = 0;
			defaultConfigurationName = Release;
		};
		B5C2D84226615A2300200C9A /* Build configuration list for PBXNativeTarget "Tests macOS" */ = {
			isa = XCConfigurationList;
			buildConfigurations = (
				B5C2D84326615A2300200C9A /* Debug */,
				B5C2D84426615A2300200C9A /* Release */,
			);
			defaultConfigurationIsVisible = 0;
			defaultConfigurationName = Release;
		};
/* End XCConfigurationList section */
	};
	rootObject = B5C2D80326615A2000200C9A /* Project object */;
}
